
Microsoft Visual Studio Solution File, Format Version 12.00
# Visual Studio Version 17
VisualStudioVersion = 17.14.37314.3 d17.14
MinimumVisualStudioVersion = 10.0.40219.1
Project("{FAE04EC0-301F-11D3-BF4B-00C04F79EFBC}") = "LapTrinhWeb2_API", "LapTrinhWeb2_API\LapTrinhWeb2_API.csproj", "{E594C3B1-382C-4482-A5A7-7AB5397274D5}"
EndProject
Global
	GlobalSection(SolutionConfigurationPlatforms) = preSolution
		Debug|Any CPU = Debug|Any CPU
		Release|Any CPU = Release|Any CPU
	EndGlobalSection
	GlobalSection(ProjectConfigurationPlatforms) = postSolution
		{E594C3B1-382C-4482-A5A7-7AB5397274D5}.Debug|Any CPU.ActiveCfg = Debug|Any CPU
		{E594C3B1-382C-4482-A5A7-7AB5397274D5}.Debug|Any CPU.Build.0 = Debug|Any CPU
		{E594C3B1-382C-4482-A5A7-7AB5397274D5}.Release|Any CPU.ActiveCfg = Release|Any CPU
		{E594C3B1-382C-4482-A5A7-7AB5397274D5}.Release|Any CPU.Build.0 = Release|Any CPU
	EndGlobalSection
	GlobalSection(SolutionProperties) = preSolution
		HideSolutionNode = FALSE
	EndGlobalSection
	GlobalSection(ExtensibilityGlobals) = postSolution
		SolutionGuid = {977EE6FC-4943-4960-B1AB-17ADBE5FF6B1}
	EndGlobalSection
EndGlobal
